
Microsoft Visual Studio Solution File, Format Version 12.00
Project("{FAE04EC0-301F-11D3-BF4B-00C04F79EFBC}") = "Domain", "Domain\Domain.csproj", "{85D3F629-51A3-4178-AC89-F4AD58420C74}"
EndProject
Project("{FAE04EC0-301F-11D3-BF4B-00C04F79EFBC}") = "Application", "Application\Application.csproj", "{8D95EA21-B7D9-48C1-8473-FF0463CEFF34}"
EndProject
Project("{FAE04EC0-301F-11D3-BF4B-00C04F79EFBC}") = "Infrastructure", "Infrastructure\Infrastructure.csproj", "{43E49D28-4D24-4BAF-8EF1-A81BD294B160}"
EndProject
Project("{FAE04EC0-301F-11D3-BF4B-00C04F79EFBC}") = "API", "API\API.csproj", "{AA51D52C-FCA9-47FD-9FAB-2D2D783CC9F4}"
EndProject
Global
	GlobalSection(SolutionConfigurationPlatforms) = preSolution
		Debug|Any CPU = Debug|Any CPU
		Release|Any CPU = Release|Any CPU
	EndGlobalSection
	GlobalSection(ProjectConfigurationPlatforms) = postSolution
		{85D3F629-51A3-4178-AC89-F4AD58420C74}.Debug|Any CPU.ActiveCfg = Debug|Any CPU
		{85D3F629-51A3-4178-AC89-F4AD58420C74}.Debug|Any CPU.Build.0 = Debug|Any CPU
		{85D3F629-51A3-4178-AC89-F4AD58420C74}.Release|Any CPU.ActiveCfg = Release|Any CPU
		{85D3F629-51A3-4178-AC89-F4AD58420C74}.Release|Any CPU.Build.0 = Release|Any CPU
		{8D95EA21-B7D9-48C1-8473-FF0463CEFF34}.Debug|Any CPU.ActiveCfg = Debug|Any CPU
		{8D95EA21-B7D9-48C1-8473-FF0463CEFF34}.Debug|Any CPU.Build.0 = Debug|Any CPU
		{8D95EA21-B7D9-48C1-8473-FF0463CEFF34}.Release|Any CPU.ActiveCfg = Release|Any CPU
		{8D95EA21-B7D9-48C1-8473-FF0463CEFF34}.Release|Any CPU.Build.0 = Release|Any CPU
		{43E49D28-4D24-4BAF-8EF1-A81BD294B160}.Debug|Any CPU.ActiveCfg = Debug|Any CPU
		{43E49D28-4D24-4BAF-8EF1-A81BD294B160}.Debug|Any CPU.Build.0 = Debug|Any CPU
		{43E49D28-4D24-4BAF-8EF1-A81BD294B160}.Release|Any CPU.ActiveCfg = Release|Any CPU
		{43E49D28-4D24-4BAF-8EF1-A81BD294B160}.Release|Any CPU.Build.0 = Release|Any CPU
		{AA51D52C-FCA9-47FD-9FAB-2D2D783CC9F4}.Debug|Any CPU.ActiveCfg = Debug|Any CPU
		{AA51D52C-FCA9-47FD-9FAB-2D2D783CC9F4}.Debug|Any CPU.Build.0 = Debug|Any CPU
		{AA51D52C-FCA9-47FD-9FAB-2D2D783CC9F4}.Release|Any CPU.ActiveCfg = Release|Any CPU
		{AA51D52C-FCA9-47FD-9FAB-2D2D783CC9F4}.Release|Any CPU.Build.0 = Release|Any CPU
	EndGlobalSection
EndGlobal
